
Microsoft Visual Studio Solution File, Format Version 12.00
# Visual Studio 15
VisualStudioVersion = 15.0.28307.960
MinimumVisualStudioVersion = 10.0.40219.1
Project("{FAE04EC0-301F-11D3-BF4B-00C04F79EFBC}") = "client_app", "client_app\client_app.csproj", "{4A3D0E13-00DC-4DDE-81C4-97C4C9BB1737}"
EndProject
Project("{FAE04EC0-301F-11D3-BF4B-00C04F79EFBC}") = "client_lib", "client_lib\client_lib.csproj", "{9584639F-5692-4A37-97EB-C122A973FC81}"
EndProject
Project("{FAE04EC0-301F-11D3-BF4B-00C04F79EFBC}") = "BMB", "BMB\BMB.csproj", "{A6722006-0C92-4838-A905-083016DE496F}"
EndProject
Global
	GlobalSection(SolutionConfigurationPlatforms) = preSolution
		Debug|Any CPU = Debug|Any CPU
		Release|Any CPU = Release|Any CPU
	EndGlobalSection
	GlobalSection(ProjectConfigurationPlatforms) = postSolution
		{4A3D0E13-00DC-4DDE-81C4-97C4C9BB1737}.Debug|Any CPU.ActiveCfg = Debug|Any CPU
		{4A3D0E13-00DC-4DDE-81C4-97C4C9BB1737}.Debug|Any CPU.Build.0 = Debug|Any CPU
		{4A3D0E13-00DC-4DDE-81C4-97C4C9BB1737}.Release|Any CPU.ActiveCfg = Release|Any CPU
		{4A3D0E13-00DC-4DDE-81C4-97C4C9BB1737}.Release|Any CPU.Build.0 = Release|Any CPU
		{9584639F-5692-4A37-97EB-C122A973FC81}.Debug|Any CPU.ActiveCfg = Debug|Any CPU
		{9584639F-5692-4A37-97EB-C122A973FC81}.Debug|Any CPU.Build.0 = Debug|Any CPU
		{9584639F-5692-4A37-97EB-C122A973FC81}.Release|Any CPU.ActiveCfg = Release|Any CPU
		{9584639F-5692-4A37-97EB-C122A973FC81}.Release|Any CPU.Build.0 = Release|Any CPU
		{A6722006-0C92-4838-A905-083016DE496F}.Debug|Any CPU.ActiveCfg = Debug|Any CPU
		{A6722006-0C92-4838-A905-083016DE496F}.Debug|Any CPU.Build.0 = Debug|Any CPU
		{A6722006-0C92-4838-A905-083016DE496F}.Release|Any CPU.ActiveCfg = Release|Any CPU
		{A6722006-0C92-4838-A905-083016DE496F}.Release|Any CPU.Build.0 = Release|Any CPU
	EndGlobalSection
	GlobalSection(SolutionProperties) = preSolution
		HideSolutionNode = FALSE
	EndGlobalSection
	GlobalSection(ExtensibilityGlobals) = postSolution
		SolutionGuid = {A406AEA6-1D23-44B5-A6B9-98805BF0081A}
	EndGlobalSection
EndGlobal
